
Microsoft Visual Studio Solution File, Format Version 12.00
# Visual Studio Version 17
VisualStudioVersion = 17.3.32825.248
MinimumVisualStudioVersion = 10.0.40219.1
Project("{FAE04EC0-301F-11D3-BF4B-00C04F79EFBC}") = "ASCII Art Generator", "ASCII Art Generator.csproj", "{23262B92-94AC-42EC-90FB-5905D8667962}"
EndProject
Global
	GlobalSection(SolutionConfigurationPlatforms) = preSolution
		Debug|Any CPU = Debug|Any CPU
		Release|Any CPU = Release|Any CPU
	EndGlobalSection
	GlobalSection(ProjectConfigurationPlatforms) = postSolution
		{23262B92-94AC-42EC-90FB-5905D8667962}.Debug|Any CPU.ActiveCfg = Debug|Any CPU
		{23262B92-94AC-42EC-90FB-5905D8667962}.Debug|Any CPU.Build.0 = Debug|Any CPU
		{23262B92-94AC-42EC-90FB-5905D8667962}.Release|Any CPU.ActiveCfg = Release|Any CPU
		{23262B92-94AC-42EC-90FB-5905D8667962}.Release|Any CPU.Build.0 = Release|Any CPU
	EndGlobalSection
	GlobalSection(SolutionProperties) = preSolution
		HideSolutionNode = FALSE
	EndGlobalSection
	GlobalSection(ExtensibilityGlobals) = postSolution
		SolutionGuid = {EF95BFE1-847D-4BA8-954B-FEEB900DA61F}
	EndGlobalSection
EndGlobal
